
Microsoft Visual Studio Solution File, Format Version 12.00
# Visual Studio Version 17
VisualStudioVersion = 17.4.33213.308
MinimumVisualStudioVersion = 10.0.40219.1
Project("{2150E333-8FDC-42A3-9474-1A3956D46DE8}") = "Bets.API", "Bets.API", "{E6A0B192-D26F-45EC-AC75-F0CD0ED96D6A}"
EndProject
Project("{2150E333-8FDC-42A3-9474-1A3956D46DE8}") = "Bets.Processing.Service", "Bets.Processing.Service", "{717764B3-0CD4-4571-A5BB-538BD57A9AE0}"
EndProject
Project("{2150E333-8FDC-42A3-9474-1A3956D46DE8}") = "Bets.CWT.Service", "Bets.CWT.Service", "{B34A05A4-EF89-4A91-B556-2E3E43FEA0DF}"
EndProject
Project("{FAE04EC0-301F-11D3-BF4B-00C04F79EFBC}") = "API", "API\API.csproj", "{2BA77781-608B-4DC4-9F8D-BE70E0389D2C}"
EndProject
Global
	GlobalSection(SolutionConfigurationPlatforms) = preSolution
		Debug|Any CPU = Debug|Any CPU
		Release|Any CPU = Release|Any CPU
	EndGlobalSection
	GlobalSection(ProjectConfigurationPlatforms) = postSolution
		{2BA77781-608B-4DC4-9F8D-BE70E0389D2C}.Debug|Any CPU.ActiveCfg = Debug|Any CPU
		{2BA77781-608B-4DC4-9F8D-BE70E0389D2C}.Debug|Any CPU.Build.0 = Debug|Any CPU
		{2BA77781-608B-4DC4-9F8D-BE70E0389D2C}.Release|Any CPU.ActiveCfg = Release|Any CPU
		{2BA77781-608B-4DC4-9F8D-BE70E0389D2C}.Release|Any CPU.Build.0 = Release|Any CPU
	EndGlobalSection
	GlobalSection(SolutionProperties) = preSolution
		HideSolutionNode = FALSE
	EndGlobalSection
	GlobalSection(NestedProjects) = preSolution
		{2BA77781-608B-4DC4-9F8D-BE70E0389D2C} = {E6A0B192-D26F-45EC-AC75-F0CD0ED96D6A}
	EndGlobalSection
	GlobalSection(ExtensibilityGlobals) = postSolution
		SolutionGuid = {F22B5FC9-3928-4E3B-8B19-B672792AE2AF}
	EndGlobalSection
EndGlobal
